
Microsoft Visual Studio Solution File, Format Version 12.00
# Visual Studio Version 16
VisualStudioVersion = 16.0.29728.190
MinimumVisualStudioVersion = 10.0.40219.1
Project("{FAE04EC0-301F-11D3-BF4B-00C04F79EFBC}") = "PresentationLayer", "DQInventoryApp\PresentationLayer.csproj", "{4630977A-13BC-45B0-B42F-C67C82CCBA58}"
EndProject
Project("{FAE04EC0-301F-11D3-BF4B-00C04F79EFBC}") = "LogicLayer", "LogicLayer\LogicLayer.csproj", "{294BCB6C-3516-411E-B27E-FBEF7689C6B3}"
EndProject
Project("{FAE04EC0-301F-11D3-BF4B-00C04F79EFBC}") = "DataAccessLayer", "DataAccessLayer\DataAccessLayer.csproj", "{97528AFF-0365-440A-8BD5-97CFFB945222}"
EndProject
Project("{FAE04EC0-301F-11D3-BF4B-00C04F79EFBC}") = "DataObjects", "DataObjects\DataObjects.csproj", "{0283E8A0-E763-4077-805B-B58B1CB40D01}"
EndProject
Project("{FAE04EC0-301F-11D3-BF4B-00C04F79EFBC}") = "MVCPresentationLayer", "MVCPresentationLayer\MVCPresentationLayer.csproj", "{0BD81ED0-ED22-4A8D-AF61-87E6F1889AAA}"
EndProject
Global
	GlobalSection(SolutionConfigurationPlatforms) = preSolution
		Debug|Any CPU = Debug|Any CPU
		Release|Any CPU = Release|Any CPU
	EndGlobalSection
	GlobalSection(ProjectConfigurationPlatforms) = postSolution
		{4630977A-13BC-45B0-B42F-C67C82CCBA58}.Debug|Any CPU.ActiveCfg = Debug|Any CPU
		{4630977A-13BC-45B0-B42F-C67C82CCBA58}.Debug|Any CPU.Build.0 = Debug|Any CPU
		{4630977A-13BC-45B0-B42F-C67C82CCBA58}.Release|Any CPU.ActiveCfg = Release|Any CPU
		{4630977A-13BC-45B0-B42F-C67C82CCBA58}.Release|Any CPU.Build.0 = Release|Any CPU
		{294BCB6C-3516-411E-B27E-FBEF7689C6B3}.Debug|Any CPU.ActiveCfg = Debug|Any CPU
		{294BCB6C-3516-411E-B27E-FBEF7689C6B3}.Debug|Any CPU.Build.0 = Debug|Any CPU
		{294BCB6C-3516-411E-B27E-FBEF7689C6B3}.Release|Any CPU.ActiveCfg = Release|Any CPU
		{294BCB6C-3516-411E-B27E-FBEF7689C6B3}.Release|Any CPU.Build.0 = Release|Any CPU
		{97528AFF-0365-440A-8BD5-97CFFB945222}.Debug|Any CPU.ActiveCfg = Debug|Any CPU
		{97528AFF-0365-440A-8BD5-97CFFB945222}.Debug|Any CPU.Build.0 = Debug|Any CPU
		{97528AFF-0365-440A-8BD5-97CFFB945222}.Release|Any CPU.ActiveCfg = Release|Any CPU
		{97528AFF-0365-440A-8BD5-97CFFB945222}.Release|Any CPU.Build.0 = Release|Any CPU
		{0283E8A0-E763-4077-805B-B58B1CB40D01}.Debug|Any CPU.ActiveCfg = Debug|Any CPU
		{0283E8A0-E763-4077-805B-B58B1CB40D01}.Debug|Any CPU.Build.0 = Debug|Any CPU
		{0283E8A0-E763-4077-805B-B58B1CB40D01}.Release|Any CPU.ActiveCfg = Release|Any CPU
		{0283E8A0-E763-4077-805B-B58B1CB40D01}.Release|Any CPU.Build.0 = Release|Any CPU
		{0BD81ED0-ED22-4A8D-AF61-87E6F1889AAA}.Debug|Any CPU.ActiveCfg = Debug|Any CPU
		{0BD81ED0-ED22-4A8D-AF61-87E6F1889AAA}.Debug|Any CPU.Build.0 = Debug|Any CPU
		{0BD81ED0-ED22-4A8D-AF61-87E6F1889AAA}.Release|Any CPU.ActiveCfg = Release|Any CPU
		{0BD81ED0-ED22-4A8D-AF61-87E6F1889AAA}.Release|Any CPU.Build.0 = Release|Any CPU
	EndGlobalSection
	GlobalSection(SolutionProperties) = preSolution
		HideSolutionNode = FALSE
	EndGlobalSection
	GlobalSection(ExtensibilityGlobals) = postSolution
		SolutionGuid = {E1ACA8B3-8723-4BBA-A6CC-D0A7EF6CFB98}
	EndGlobalSection
EndGlobal
